
Microsoft Visual Studio Solution File, Format Version 12.00
# Visual Studio Version 17
VisualStudioVersion = 17.1.32414.318
MinimumVisualStudioVersion = 10.0.40219.1
Project("{FAE04EC0-301F-11D3-BF4B-00C04F79EFBC}") = "5N2 Kitchens App.Android", "5N2 Kitchens App\5N2 Kitchens App.Android\5N2 Kitchens App.Android.csproj", "{72336D7E-27DF-4298-8087-F61B77CEA4DC}"
EndProject
Project("{FAE04EC0-301F-11D3-BF4B-00C04F79EFBC}") = "5N2 Kitchens App.iOS", "5N2 Kitchens App\5N2 Kitchens App.iOS\5N2 Kitchens App.iOS.csproj", "{62656EBA-0528-4966-BBCA-01771907FBCA}"
EndProject
Project("{FAE04EC0-301F-11D3-BF4B-00C04F79EFBC}") = "5N2 Kitchens App", "5N2 Kitchens App\5N2 Kitchens App\5N2 Kitchens App.csproj", "{6E7948CC-52F9-430B-91EE-1371C6FEFA90}"
EndProject
Global
	GlobalSection(SolutionConfigurationPlatforms) = preSolution
		Debug|Any CPU = Debug|Any CPU
		Debug|iPhone = Debug|iPhone
		Debug|iPhoneSimulator = Debug|iPhoneSimulator
		Release|Any CPU = Release|Any CPU
		Release|iPhone = Release|iPhone
		Release|iPhoneSimulator = Release|iPhoneSimulator
	EndGlobalSection
	GlobalSection(ProjectConfigurationPlatforms) = postSolution
		{72336D7E-27DF-4298-8087-F61B77CEA4DC}.Debug|Any CPU.ActiveCfg = Debug|Any CPU
		{72336D7E-27DF-4298-8087-F61B77CEA4DC}.Debug|Any CPU.Build.0 = Debug|Any CPU
		{72336D7E-27DF-4298-8087-F61B77CEA4DC}.Debug|Any CPU.Deploy.0 = Debug|Any CPU
		{72336D7E-27DF-4298-8087-F61B77CEA4DC}.Debug|iPhone.ActiveCfg = Debug|Any CPU
		{72336D7E-27DF-4298-8087-F61B77CEA4DC}.Debug|iPhone.Build.0 = Debug|Any CPU
		{72336D7E-27DF-4298-8087-F61B77CEA4DC}.Debug|iPhone.Deploy.0 = Debug|Any CPU
		{72336D7E-27DF-4298-8087-F61B77CEA4DC}.Debug|iPhoneSimulator.ActiveCfg = Debug|Any CPU
		{72336D7E-27DF-4298-8087-F61B77CEA4DC}.Debug|iPhoneSimulator.Build.0 = Debug|Any CPU
		{72336D7E-27DF-4298-8087-F61B77CEA4DC}.Debug|iPhoneSimulator.Deploy.0 = Debug|Any CPU
		{72336D7E-27DF-4298-8087-F61B77CEA4DC}.Release|Any CPU.ActiveCfg = Release|Any CPU
		{72336D7E-27DF-4298-8087-F61B77CEA4DC}.Release|Any CPU.Build.0 = Release|Any CPU
		{72336D7E-27DF-4298-8087-F61B77CEA4DC}.Release|Any CPU.Deploy.0 = Release|Any CPU
		{72336D7E-27DF-4298-8087-F61B77CEA4DC}.Release|iPhone.ActiveCfg = Release|Any CPU
		{72336D7E-27DF-4298-8087-F61B77CEA4DC}.Release|iPhone.Build.0 = Release|Any CPU
		{72336D7E-27DF-4298-8087-F61B77CEA4DC}.Release|iPhone.Deploy.0 = Release|Any CPU
		{72336D7E-27DF-4298-8087-F61B77CEA4DC}.Release|iPhoneSimulator.ActiveCfg = Release|Any CPU
		{72336D7E-27DF-4298-8087-F61B77CEA4DC}.Release|iPhoneSimulator.Build.0 = Release|Any CPU
		{72336D7E-27DF-4298-8087-F61B77CEA4DC}.Release|iPhoneSimulator.Deploy.0 = Release|Any CPU
		{62656EBA-0528-4966-BBCA-01771907FBCA}.Debug|Any CPU.ActiveCfg = Debug|iPhone
		{62656EBA-0528-4966-BBCA-01771907FBCA}.Debug|Any CPU.Build.0 = Debug|iPhone
		{62656EBA-0528-4966-BBCA-01771907FBCA}.Debug|Any CPU.Deploy.0 = Debug|iPhone
		{62656EBA-0528-4966-BBCA-01771907FBCA}.Debug|iPhone.ActiveCfg = Debug|iPhone
		{62656EBA-0528-4966-BBCA-01771907FBCA}.Debug|iPhone.Build.0 = Debug|iPhone
		{62656EBA-0528-4966-BBCA-01771907FBCA}.Debug|iPhone.Deploy.0 = Debug|iPhone
		{62656EBA-0528-4966-BBCA-01771907FBCA}.Debug|iPhoneSimulator.ActiveCfg = Debug|iPhoneSimulator
		{62656EBA-0528-4966-BBCA-01771907FBCA}.Debug|iPhoneSimulator.Build.0 = Debug|iPhoneSimulator
		{62656EBA-0528-4966-BBCA-01771907FBCA}.Debug|iPhoneSimulator.Deploy.0 = Debug|iPhoneSimulator
		{62656EBA-0528-4966-BBCA-01771907FBCA}.Release|Any CPU.ActiveCfg = Release|iPhoneSimulator
		{62656EBA-0528-4966-BBCA-01771907FBCA}.Release|Any CPU.Build.0 = Release|iPhoneSimulator
		{62656EBA-0528-4966-BBCA-01771907FBCA}.Release|Any CPU.Deploy.0 = Release|iPhoneSimulator
		{62656EBA-0528-4966-BBCA-01771907FBCA}.Release|iPhone.ActiveCfg = Release|iPhone
		{62656EBA-0528-4966-BBCA-01771907FBCA}.Release|iPhone.Build.0 = Release|iPhone
		{62656EBA-0528-4966-BBCA-01771907FBCA}.Release|iPhone.Deploy.0 = Release|iPhone
		{62656EBA-0528-4966-BBCA-01771907FBCA}.Release|iPhoneSimulator.ActiveCfg = Release|iPhoneSimulator
		{62656EBA-0528-4966-BBCA-01771907FBCA}.Release|iPhoneSimulator.Build.0 = Release|iPhoneSimulator
		{62656EBA-0528-4966-BBCA-01771907FBCA}.Release|iPhoneSimulator.Deploy.0 = Release|iPhoneSimulator
		{6E7948CC-52F9-430B-91EE-1371C6FEFA90}.Debug|Any CPU.ActiveCfg = Debug|Any CPU
		{6E7948CC-52F9-430B-91EE-1371C6FEFA90}.Debug|Any CPU.Build.0 = Debug|Any CPU
		{6E7948CC-52F9-430B-91EE-1371C6FEFA90}.Debug|Any CPU.Deploy.0 = Debug|Any CPU
		{6E7948CC-52F9-430B-91EE-1371C6FEFA90}.Debug|iPhone.ActiveCfg = Debug|Any CPU
		{6E7948CC-52F9-430B-91EE-1371C6FEFA90}.Debug|iPhone.Build.0 = Debug|Any CPU
		{6E7948CC-52F9-430B-91EE-1371C6FEFA90}.Debug|iPhone.Deploy.0 = Debug|Any CPU
		{6E7948CC-52F9-430B-91EE-1371C6FEFA90}.Debug|iPhoneSimulator.ActiveCfg = Debug|Any CPU
		{6E7948CC-52F9-430B-91EE-1371C6FEFA90}.Debug|iPhoneSimulator.Build.0 = Debug|Any CPU
		{6E7948CC-52F9-430B-91EE-1371C6FEFA90}.Debug|iPhoneSimulator.Deploy.0 = Debug|Any CPU
		{6E7948CC-52F9-430B-91EE-1371C6FEFA90}.Release|Any CPU.ActiveCfg = Release|Any CPU
		{6E7948CC-52F9-430B-91EE-1371C6FEFA90}.Release|Any CPU.Build.0 = Release|Any CPU
		{6E7948CC-52F9-430B-91EE-1371C6FEFA90}.Release|Any CPU.Deploy.0 = Release|Any CPU
		{6E7948CC-52F9-430B-91EE-1371C6FEFA90}.Release|iPhone.ActiveCfg = Release|Any CPU
		{6E7948CC-52F9-430B-91EE-1371C6FEFA90}.Release|iPhone.Build.0 = Release|Any CPU
		{6E7948CC-52F9-430B-91EE-1371C6FEFA90}.Release|iPhone.Deploy.0 = Release|Any CPU
		{6E7948CC-52F9-430B-91EE-1371C6FEFA90}.Release|iPhoneSimulator.ActiveCfg = Release|Any CPU
		{6E7948CC-52F9-430B-91EE-1371C6FEFA90}.Release|iPhoneSimulator.Build.0 = Release|Any CPU
		{6E7948CC-52F9-430B-91EE-1371C6FEFA90}.Release|iPhoneSimulator.Deploy.0 = Release|Any CPU
	EndGlobalSection
	GlobalSection(SolutionProperties) = preSolution
		HideSolutionNode = FALSE
	EndGlobalSection
	GlobalSection(ExtensibilityGlobals) = postSolution
		SolutionGuid = {63FC0525-7C81-4A7B-9059-CA8271F8FD07}
	EndGlobalSection
EndGlobal
